
Microsoft Visual Studio Solution File, Format Version 12.00
# Visual Studio Version 17
VisualStudioVersion = 17.10.35013.160
MinimumVisualStudioVersion = 10.0.40219.1
Project("{F184B08F-C81C-45F6-A57F-5ABD9991F28F}") = "myformapp", "myformapp\myformapp.vbproj", "{4E26A091-8FD1-4A20-8ADF-C69A908C1EDE}"
EndProject
Global
	GlobalSection(SolutionConfigurationPlatforms) = preSolution
		Debug|Any CPU = Debug|Any CPU
		Release|Any CPU = Release|Any CPU
	EndGlobalSection
	GlobalSection(ProjectConfigurationPlatforms) = postSolution
		{4E26A091-8FD1-4A20-8ADF-C69A908C1EDE}.Debug|Any CPU.ActiveCfg = Debug|Any CPU
		{4E26A091-8FD1-4A20-8ADF-C69A908C1EDE}.Debug|Any CPU.Build.0 = Debug|Any CPU
		{4E26A091-8FD1-4A20-8ADF-C69A908C1EDE}.Release|Any CPU.ActiveCfg = Release|Any CPU
		{4E26A091-8FD1-4A20-8ADF-C69A908C1EDE}.Release|Any CPU.Build.0 = Release|Any CPU
	EndGlobalSection
	GlobalSection(SolutionProperties) = preSolution
		HideSolutionNode = FALSE
	EndGlobalSection
	GlobalSection(ExtensibilityGlobals) = postSolution
		SolutionGuid = {91078714-7298-4344-A271-E0A22C4C0E77}
	EndGlobalSection
EndGlobal
